
Microsoft Visual Studio Solution File, Format Version 12.00
Project("{FAE04EC0-301F-11D3-BF4B-00C04F79EFBC}") = "DataAccess", "DataAccess\DataAccess.csproj", "{A9916BB5-3919-4687-A78F-CF81CCC28C18}"
EndProject
Project("{FAE04EC0-301F-11D3-BF4B-00C04F79EFBC}") = "Business", "Business\Business.csproj", "{57EC7AD5-6F6B-4BC6-A5FA-B1B113651D3B}"
EndProject
Project("{FAE04EC0-301F-11D3-BF4B-00C04F79EFBC}") = "Entities", "Entities\Entities.csproj", "{8C689F71-8A2A-418C-85FF-A910E9642560}"
EndProject
Project("{FAE04EC0-301F-11D3-BF4B-00C04F79EFBC}") = "ConsoleUI", "ConsoleUI\ConsoleUI.csproj", "{828BB86E-7F09-4164-AEAB-5A19055ADFDD}"
EndProject
Global
	GlobalSection(SolutionConfigurationPlatforms) = preSolution
		Debug|Any CPU = Debug|Any CPU
		Release|Any CPU = Release|Any CPU
	EndGlobalSection
	GlobalSection(ProjectConfigurationPlatforms) = postSolution
		{A9916BB5-3919-4687-A78F-CF81CCC28C18}.Debug|Any CPU.ActiveCfg = Debug|Any CPU
		{A9916BB5-3919-4687-A78F-CF81CCC28C18}.Debug|Any CPU.Build.0 = Debug|Any CPU
		{A9916BB5-3919-4687-A78F-CF81CCC28C18}.Release|Any CPU.ActiveCfg = Release|Any CPU
		{A9916BB5-3919-4687-A78F-CF81CCC28C18}.Release|Any CPU.Build.0 = Release|Any CPU
		{57EC7AD5-6F6B-4BC6-A5FA-B1B113651D3B}.Debug|Any CPU.ActiveCfg = Debug|Any CPU
		{57EC7AD5-6F6B-4BC6-A5FA-B1B113651D3B}.Debug|Any CPU.Build.0 = Debug|Any CPU
		{57EC7AD5-6F6B-4BC6-A5FA-B1B113651D3B}.Release|Any CPU.ActiveCfg = Release|Any CPU
		{57EC7AD5-6F6B-4BC6-A5FA-B1B113651D3B}.Release|Any CPU.Build.0 = Release|Any CPU
		{8C689F71-8A2A-418C-85FF-A910E9642560}.Debug|Any CPU.ActiveCfg = Debug|Any CPU
		{8C689F71-8A2A-418C-85FF-A910E9642560}.Debug|Any CPU.Build.0 = Debug|Any CPU
		{8C689F71-8A2A-418C-85FF-A910E9642560}.Release|Any CPU.ActiveCfg = Release|Any CPU
		{8C689F71-8A2A-418C-85FF-A910E9642560}.Release|Any CPU.Build.0 = Release|Any CPU
		{828BB86E-7F09-4164-AEAB-5A19055ADFDD}.Debug|Any CPU.ActiveCfg = Debug|Any CPU
		{828BB86E-7F09-4164-AEAB-5A19055ADFDD}.Debug|Any CPU.Build.0 = Debug|Any CPU
		{828BB86E-7F09-4164-AEAB-5A19055ADFDD}.Release|Any CPU.ActiveCfg = Release|Any CPU
		{828BB86E-7F09-4164-AEAB-5A19055ADFDD}.Release|Any CPU.Build.0 = Release|Any CPU
	EndGlobalSection
EndGlobal
